
Microsoft Visual Studio Solution File, Format Version 10.00
# Visual Studio 2008
Project("{8BC9CEB8-8B4A-11D0-8D11-00A0C91BC942}") = "MSToolkit", "MSToolkit.vcproj", "{C83965C2-B0CF-4520-8919-BF8685B34919}"
	ProjectSection(ProjectDependencies) = postProject
		{7AE03DDA-1D9B-4BBC-AD8E-BB4490FC896A} = {7AE03DDA-1D9B-4BBC-AD8E-BB4490FC896A}
	EndProjectSection
EndProject
Project("{8BC9CEB8-8B4A-11D0-8D11-00A0C91BC942}") = "MSToolkitLite", "MSToolkitLite\MSToolkitLite.vcproj", "{DDD313B6-62E5-410D-A5C0-7654B598F9AB}"
	ProjectSection(ProjectDependencies) = postProject
		{7AE03DDA-1D9B-4BBC-AD8E-BB4490FC896A} = {7AE03DDA-1D9B-4BBC-AD8E-BB4490FC896A}
	EndProjectSection
EndProject
Project("{8BC9CEB8-8B4A-11D0-8D11-00A0C91BC942}") = "MSConvertFile", "MSConvertFile.vcproj", "{09C58EAF-C75E-418C-BD0F-1E078998A9C2}"
	ProjectSection(ProjectDependencies) = postProject
		{DDD313B6-62E5-410D-A5C0-7654B598F9AB} = {DDD313B6-62E5-410D-A5C0-7654B598F9AB}
		{7AE03DDA-1D9B-4BBC-AD8E-BB4490FC896A} = {7AE03DDA-1D9B-4BBC-AD8E-BB4490FC896A}
	EndProjectSection
EndProject
Project("{8BC9CEB8-8B4A-11D0-8D11-00A0C91BC942}") = "MSSingleScan", "MSSingleScan.vcproj", "{CC192889-DB79-4BC0-BE86-D42E7B54FF8F}"
	ProjectSection(ProjectDependencies) = postProject
		{DDD313B6-62E5-410D-A5C0-7654B598F9AB} = {DDD313B6-62E5-410D-A5C0-7654B598F9AB}
		{7AE03DDA-1D9B-4BBC-AD8E-BB4490FC896A} = {7AE03DDA-1D9B-4BBC-AD8E-BB4490FC896A}
	EndProjectSection
EndProject
Project("{8BC9CEB8-8B4A-11D0-8D11-00A0C91BC942}") = "MSTDemo", "MSTDemo.vcproj", "{17D80FCE-525E-4CAE-845A-DDA7E702F85C}"
	ProjectSection(ProjectDependencies) = postProject
		{DDD313B6-62E5-410D-A5C0-7654B598F9AB} = {DDD313B6-62E5-410D-A5C0-7654B598F9AB}
		{7AE03DDA-1D9B-4BBC-AD8E-BB4490FC896A} = {7AE03DDA-1D9B-4BBC-AD8E-BB4490FC896A}
	EndProjectSection
EndProject
Project("{8BC9CEB8-8B4A-11D0-8D11-00A0C91BC942}") = "zLib", "..\zLib\zLib\zLib.vcproj", "{7AE03DDA-1D9B-4BBC-AD8E-BB4490FC896A}"
EndProject
Global
	GlobalSection(SolutionConfigurationPlatforms) = preSolution
		Debug|Win32 = Debug|Win32
		Release|Win32 = Release|Win32
	EndGlobalSection
	GlobalSection(ProjectConfigurationPlatforms) = postSolution
		{C83965C2-B0CF-4520-8919-BF8685B34919}.Debug|Win32.ActiveCfg = Debug|Win32
		{C83965C2-B0CF-4520-8919-BF8685B34919}.Debug|Win32.Build.0 = Debug|Win32
		{C83965C2-B0CF-4520-8919-BF8685B34919}.Release|Win32.ActiveCfg = Release|Win32
		{C83965C2-B0CF-4520-8919-BF8685B34919}.Release|Win32.Build.0 = Release|Win32
		{DDD313B6-62E5-410D-A5C0-7654B598F9AB}.Debug|Win32.ActiveCfg = Debug|Win32
		{DDD313B6-62E5-410D-A5C0-7654B598F9AB}.Debug|Win32.Build.0 = Debug|Win32
		{DDD313B6-62E5-410D-A5C0-7654B598F9AB}.Release|Win32.ActiveCfg = Release|Win32
		{DDD313B6-62E5-410D-A5C0-7654B598F9AB}.Release|Win32.Build.0 = Release|Win32
		{09C58EAF-C75E-418C-BD0F-1E078998A9C2}.Debug|Win32.ActiveCfg = Debug|Win32
		{09C58EAF-C75E-418C-BD0F-1E078998A9C2}.Debug|Win32.Build.0 = Debug|Win32
		{09C58EAF-C75E-418C-BD0F-1E078998A9C2}.Release|Win32.ActiveCfg = Release|Win32
		{09C58EAF-C75E-418C-BD0F-1E078998A9C2}.Release|Win32.Build.0 = Release|Win32
		{CC192889-DB79-4BC0-BE86-D42E7B54FF8F}.Debug|Win32.ActiveCfg = Debug|Win32
		{CC192889-DB79-4BC0-BE86-D42E7B54FF8F}.Debug|Win32.Build.0 = Debug|Win32
		{CC192889-DB79-4BC0-BE86-D42E7B54FF8F}.Release|Win32.ActiveCfg = Release|Win32
		{CC192889-DB79-4BC0-BE86-D42E7B54FF8F}.Release|Win32.Build.0 = Release|Win32
		{17D80FCE-525E-4CAE-845A-DDA7E702F85C}.Debug|Win32.ActiveCfg = Debug|Win32
		{17D80FCE-525E-4CAE-845A-DDA7E702F85C}.Debug|Win32.Build.0 = Debug|Win32
		{17D80FCE-525E-4CAE-845A-DDA7E702F85C}.Release|Win32.ActiveCfg = Release|Win32
		{17D80FCE-525E-4CAE-845A-DDA7E702F85C}.Release|Win32.Build.0 = Release|Win32
		{7AE03DDA-1D9B-4BBC-AD8E-BB4490FC896A}.Debug|Win32.ActiveCfg = Debug|Win32
		{7AE03DDA-1D9B-4BBC-AD8E-BB4490FC896A}.Debug|Win32.Build.0 = Debug|Win32
		{7AE03DDA-1D9B-4BBC-AD8E-BB4490FC896A}.Release|Win32.ActiveCfg = Release|Win32
		{7AE03DDA-1D9B-4BBC-AD8E-BB4490FC896A}.Release|Win32.Build.0 = Release|Win32
	EndGlobalSection
	GlobalSection(SolutionProperties) = preSolution
		HideSolutionNode = FALSE
	EndGlobalSection
EndGlobal
