
Microsoft Visual Studio Solution File, Format Version 10.00
# Visual Studio 2008
Project("{8BC9CEB8-8B4A-11D0-8D11-00A0C91BC942}") = "Hardklor2008", "Hardklor2008.vcproj", "{34E42C02-DB3A-4486-AF3D-F889F9F2C592}"
EndProject
Project("{8BC9CEB8-8B4A-11D0-8D11-00A0C91BC942}") = "Hardklor2008Lib", "Hardklor2008Lib\Hardklor2008Lib.vcproj", "{9EE38791-0E05-481C-820B-0D20EE39955E}"
EndProject
Global
	GlobalSection(SolutionConfigurationPlatforms) = preSolution
		Debug|Win32 = Debug|Win32
		Release|Win32 = Release|Win32
	EndGlobalSection
	GlobalSection(ProjectConfigurationPlatforms) = postSolution
		{34E42C02-DB3A-4486-AF3D-F889F9F2C592}.Debug|Win32.ActiveCfg = Debug|Win32
		{34E42C02-DB3A-4486-AF3D-F889F9F2C592}.Debug|Win32.Build.0 = Debug|Win32
		{34E42C02-DB3A-4486-AF3D-F889F9F2C592}.Release|Win32.ActiveCfg = Release|Win32
		{34E42C02-DB3A-4486-AF3D-F889F9F2C592}.Release|Win32.Build.0 = Release|Win32
		{9EE38791-0E05-481C-820B-0D20EE39955E}.Debug|Win32.ActiveCfg = Debug|Win32
		{9EE38791-0E05-481C-820B-0D20EE39955E}.Debug|Win32.Build.0 = Debug|Win32
		{9EE38791-0E05-481C-820B-0D20EE39955E}.Release|Win32.ActiveCfg = Release|Win32
		{9EE38791-0E05-481C-820B-0D20EE39955E}.Release|Win32.Build.0 = Release|Win32
	EndGlobalSection
	GlobalSection(SolutionProperties) = preSolution
		HideSolutionNode = FALSE
	EndGlobalSection
EndGlobal
